{
  "requires": true,
  "lockfileVersion": 1,
  "dependencies": {
    "@babel/runtime": {
      "version": "7.10.1",
      "resolved": "https://registry.npmjs.org/@babel/runtime/-/runtime-7.10.1.tgz",
      "integrity": "sha512-nQbbCbQc9u/rpg1XCxoMYQTbSMVZjCDxErQ1ClCn9Pvcmv1lGads19ep0a2VsEiIJeHqjZley6EQGEC3Yo1xMA==",
      "requires": {
        "regenerator-runtime": "^0.13.4"
      }
    },
    "@filestack/loader": {
      "version": "1.0.7",
      "resolved": "https://registry.npmjs.org/@filestack/loader/-/loader-1.0.7.tgz",
      "integrity": "sha512-/Mlqh5D3/xHINQhEkcZFWG3MBwbkwC7c0PAf0E3YaanEh7+lnrpABUouP/ZZI6LC7xvqKw8To5Xf2Z21IsDy1g=="
    },
    "@sentry/hub": {
      "version": "5.15.5",
      "resolved": "https://registry.npmjs.org/@sentry/hub/-/hub-5.15.5.tgz",
      "integrity": "sha512-zX9o49PcNIVMA4BZHe//GkbQ4Jx+nVofqU/Il32/IbwKhcpPlhGX3c1sOVQo4uag3cqd/JuQsk+DML9TKkN0Lw==",
      "requires": {
        "@sentry/types": "5.15.5",
        "@sentry/utils": "5.15.5",
        "tslib": "^1.9.3"
      }
    },
    "@sentry/minimal": {
      "version": "5.15.5",
      "resolved": "https://registry.npmjs.org/@sentry/minimal/-/minimal-5.15.5.tgz",
      "integrity": "sha512-zQkkJ1l9AjmU/Us5IrOTzu7bic4sTPKCatptXvLSTfyKW7N6K9MPIIFeSpZf9o1yM2sRYdK7GV08wS2eCT3JYw==",
      "requires": {
        "@sentry/hub": "5.15.5",
        "@sentry/types": "5.15.5",
        "tslib": "^1.9.3"
      }
    },
    "@sentry/types": {
      "version": "5.15.5",
      "resolved": "https://registry.npmjs.org/@sentry/types/-/types-5.15.5.tgz",
      "integrity": "sha512-F9A5W7ucgQLJUG4LXw1ZIy4iLevrYZzbeZ7GJ09aMlmXH9PqGThm1t5LSZlVpZvUfQ2rYA8NU6BdKJSt7B5LPw=="
    },
    "@sentry/utils": {
      "version": "5.15.5",
      "resolved": "https://registry.npmjs.org/@sentry/utils/-/utils-5.15.5.tgz",
      "integrity": "sha512-Nl9gl/MGnzSkuKeo3QaefoD/OJrFLB8HmwQ7HUbTXb6E7yyEzNKAQMHXGkwNAjbdYyYbd42iABP6Y5F/h39NtA==",
      "requires": {
        "@sentry/types": "5.15.5",
        "tslib": "^1.9.3"
      }
    },
    "abab": {
      "version": "2.0.3",
      "resolved": "https://registry.npmjs.org/abab/-/abab-2.0.3.tgz",
      "integrity": "sha512-tsFzPpcttalNjFBCFMqsKYQcWxxen1pgJR56by//QwvJc4/OUS3kPOOttx2tSIfjsylB0pYu7f5D3K1RCxUnUg=="
    },
    "arg": {
      "version": "4.1.3",
      "resolved": "https://registry.npmjs.org/arg/-/arg-4.1.3.tgz",
      "integrity": "sha512-58S9QDqG0Xx27YwPSt9fJxivjYl432YCwfDMfZ+71RAqUrZef7LrKQZ3LHLOwCS4FLNBplP533Zx895SeOCHvA=="
    },
    "buffer-from": {
      "version": "1.1.1",
      "resolved": "https://registry.npmjs.org/buffer-from/-/buffer-from-1.1.1.tgz",
      "integrity": "sha512-MQcXEUbCKtEo7bhqEs6560Hyd4XaovZlO/k9V3hjVUF/zwW7KBVdSK4gIt/bzwS9MbR5qob+F5jusZsb0YQK2A=="
    },
    "debug": {
      "version": "4.1.1",
      "resolved": "https://registry.npmjs.org/debug/-/debug-4.1.1.tgz",
      "integrity": "sha512-pYAIzeRo8J6KPEaJ0VWOh5Pzkbw/RetuzehGM7QRRX5he4fPHx2rdKMB256ehJCkX+XRQm16eZLqLNS8RSZXZw==",
      "requires": {
        "ms": "^2.1.1"
      }
    },
    "diff": {
      "version": "4.0.2",
      "resolved": "https://registry.npmjs.org/diff/-/diff-4.0.2.tgz",
      "integrity": "sha512-58lmxKSA4BNyLz+HHMUzlOEpg09FV+ev6ZMe3vJihgdxzgcwZ8VoEEPmALCZG9LmqfVoNMMKpttIYTVG6uDY7A=="
    },
    "eventemitter3": {
      "version": "4.0.4",
      "resolved": "https://registry.npmjs.org/eventemitter3/-/eventemitter3-4.0.4.tgz",
      "integrity": "sha512-rlaVLnVxtxvoyLsQQFBx53YmXHDxRIzzTLbdfxqi4yocpSjAxXwkU0cScM5JgSKMqEhrZpnvQ2D9gjylR0AimQ=="
    },
    "fast-xml-parser": {
      "version": "3.17.3",
      "resolved": "https://registry.npmjs.org/fast-xml-parser/-/fast-xml-parser-3.17.3.tgz",
      "integrity": "sha512-g3OSnHBWq5hrpS4LUgFWOS87F7B6UDklkI6v2VLC/89Ech00fabXleKEHTVXQBkKyVsfOxD+1QY6fkoIZMIO/Q=="
    },
    "file-type": {
      "version": "10.11.0",
      "resolved": "https://registry.npmjs.org/file-type/-/file-type-10.11.0.tgz",
      "integrity": "sha512-uzk64HRpUZyTGZtVuvrjP0FYxzQrBf4rojot6J65YMEbwBLB0CWm0CLojVpwpmFmxcE/lkvYICgfcGozbBq6rw=="
    },
    "filestack-js": {
      "version": "3.15.0",
      "resolved": "https://registry.npmjs.org/filestack-js/-/filestack-js-3.15.0.tgz",
      "integrity": "sha512-wiR301B96IhV6W1d9xIlavYrHkpqhluba4a5v6So8Ht0wUp4zHP0hkH93itUmyx7s5nGT7ZplniwkleCFD8omA==",
      "requires": {
        "@babel/runtime": "^7.8.4",
        "@filestack/loader": "^1.0.4",
        "@sentry/minimal": "^5.12.0",
        "abab": "^2.0.3",
        "debug": "^4.1.1",
        "eventemitter3": "^4.0.0",
        "fast-xml-parser": "^3.16.0",
        "file-type": "^10.11.0",
        "follow-redirects": "^1.10.0",
        "isutf8": "^2.1.0",
        "jsonschema": "^1.2.5",
        "lodash.clonedeep": "^4.5.0",
        "p-queue": "^4.0.0",
        "spark-md5": "^3.0.0",
        "ts-node": "^8.10.1"
      }
    },
    "filestack-react": {
      "version": "3.1.0",
      "resolved": "https://registry.npmjs.org/filestack-react/-/filestack-react-3.1.0.tgz",
      "integrity": "sha512-CtZaRCgdQX57mZtIRjmzj/wa+yYUMi96UnExXG7g+8H8cjvpjY0SM7c4y5HSsbO9KDwe6LP6TMKcGI6iEmJU5g==",
      "requires": {
        "filestack-js": "3.x.x"
      }
    },
    "follow-redirects": {
      "version": "1.11.0",
      "resolved": "https://registry.npmjs.org/follow-redirects/-/follow-redirects-1.11.0.tgz",
      "integrity": "sha512-KZm0V+ll8PfBrKwMzdo5D13b1bur9Iq9Zd/RMmAoQQcl2PxxFml8cxXPaaPYVbV0RjNjq1CU7zIzAOqtUPudmA==",
      "requires": {
        "debug": "^3.0.0"
      },
      "dependencies": {
        "debug": {
          "version": "3.2.6",
          "resolved": "https://registry.npmjs.org/debug/-/debug-3.2.6.tgz",
          "integrity": "sha512-mel+jf7nrtEl5Pn1Qx46zARXKDpBbvzezse7p7LqINmdoIk8PYP5SySaxEmYv6TZ0JyEKA1hsCId6DIhgITtWQ==",
          "requires": {
            "ms": "^2.1.1"
          }
        }
      }
    },
    "isutf8": {
      "version": "2.1.0",
      "resolved": "https://registry.npmjs.org/isutf8/-/isutf8-2.1.0.tgz",
      "integrity": "sha512-rEMU6f82evtJNtYMrtVODUbf+C654mos4l+9noOueesUMipSWK6x3tpt8DiXhcZh/ZOBWYzJ9h9cNAlcQQnMiQ=="
    },
    "jsonschema": {
      "version": "1.2.6",
      "resolved": "https://registry.npmjs.org/jsonschema/-/jsonschema-1.2.6.tgz",
      "integrity": "sha512-SqhURKZG07JyKKeo/ir24QnS4/BV7a6gQy93bUSe4lUdNp0QNpIz2c9elWJQ9dpc5cQYY6cvCzgRwy0MQCLyqA=="
    },
    "lodash.clonedeep": {
      "version": "4.5.0",
      "resolved": "https://registry.npmjs.org/lodash.clonedeep/-/lodash.clonedeep-4.5.0.tgz",
      "integrity": "sha1-4j8/nE+Pvd6HJSnBBxhXoIblzO8="
    },
    "make-error": {
      "version": "1.3.6",
      "resolved": "https://registry.npmjs.org/make-error/-/make-error-1.3.6.tgz",
      "integrity": "sha512-s8UhlNe7vPKomQhC1qFelMokr/Sc3AgNbso3n74mVPA5LTZwkB9NlXf4XPamLxJE8h0gh73rM94xvwRT2CVInw=="
    },
    "ms": {
      "version": "2.1.2",
      "resolved": "https://registry.npmjs.org/ms/-/ms-2.1.2.tgz",
      "integrity": "sha512-sGkPx+VjMtmA6MX27oA4FBFELFCZZ4S4XqeGOXCv68tT+jb3vk/RyaKWP0PTKyWtmLSM0b+adUTEvbs1PEaH2w=="
    },
    "p-queue": {
      "version": "4.0.0",
      "resolved": "https://registry.npmjs.org/p-queue/-/p-queue-4.0.0.tgz",
      "integrity": "sha512-3cRXXn3/O0o3+eVmUroJPSj/esxoEFIm0ZOno/T+NzG/VZgPOqQ8WKmlNqubSEpZmCIngEy34unkHGg83ZIBmg==",
      "requires": {
        "eventemitter3": "^3.1.0"
      },
      "dependencies": {
        "eventemitter3": {
          "version": "3.1.2",
          "resolved": "https://registry.npmjs.org/eventemitter3/-/eventemitter3-3.1.2.tgz",
          "integrity": "sha512-tvtQIeLVHjDkJYnzf2dgVMxfuSGJeM/7UCG17TT4EumTfNtF+0nebF/4zWOIkCreAbtNqhGEboB6BWrwqNaw4Q=="
        }
      }
    },
    "regenerator-runtime": {
      "version": "0.13.5",
      "resolved": "https://registry.npmjs.org/regenerator-runtime/-/regenerator-runtime-0.13.5.tgz",
      "integrity": "sha512-ZS5w8CpKFinUzOwW3c83oPeVXoNsrLsaCoLtJvAClH135j/R77RuymhiSErhm2lKcwSCIpmvIWSbDkIfAqKQlA=="
    },
    "source-map": {
      "version": "0.6.1",
      "resolved": "https://registry.npmjs.org/source-map/-/source-map-0.6.1.tgz",
      "integrity": "sha512-UjgapumWlbMhkBgzT7Ykc5YXUT46F0iKu8SGXq0bcwP5dz/h0Plj6enJqjz1Zbq2l5WaqYnrVbwWOWMyF3F47g=="
    },
    "source-map-support": {
      "version": "0.5.19",
      "resolved": "https://registry.npmjs.org/source-map-support/-/source-map-support-0.5.19.tgz",
      "integrity": "sha512-Wonm7zOCIJzBGQdB+thsPar0kYuCIzYvxZwlBa87yi/Mdjv7Tip2cyVbLj5o0cFPN4EVkuTwb3GDDyUx2DGnGw==",
      "requires": {
        "buffer-from": "^1.0.0",
        "source-map": "^0.6.0"
      }
    },
    "spark-md5": {
      "version": "3.0.1",
      "resolved": "https://registry.npmjs.org/spark-md5/-/spark-md5-3.0.1.tgz",
      "integrity": "sha512-0tF3AGSD1ppQeuffsLDIOWlKUd3lS92tFxcsrh5Pe3ZphhnoK+oXIBTzOAThZCiuINZLvpiLH/1VS1/ANEJVig=="
    },
    "ts-node": {
      "version": "8.10.1",
      "resolved": "https://registry.npmjs.org/ts-node/-/ts-node-8.10.1.tgz",
      "integrity": "sha512-bdNz1L4ekHiJul6SHtZWs1ujEKERJnHs4HxN7rjTyyVOFf3HaJ6sLqe6aPG62XTzAB/63pKRh5jTSWL0D7bsvw==",
      "requires": {
        "arg": "^4.1.0",
        "diff": "^4.0.1",
        "make-error": "^1.1.1",
        "source-map-support": "^0.5.17",
        "yn": "3.1.1"
      }
    },
    "tslib": {
      "version": "1.13.0",
      "resolved": "https://registry.npmjs.org/tslib/-/tslib-1.13.0.tgz",
      "integrity": "sha512-i/6DQjL8Xf3be4K/E6Wgpekn5Qasl1usyw++dAA35Ue5orEn65VIxOA+YvNNl9HV3qv70T7CNwjODHZrLwvd1Q=="
    },
    "yn": {
      "version": "3.1.1",
      "resolved": "https://registry.npmjs.org/yn/-/yn-3.1.1.tgz",
      "integrity": "sha512-Ux4ygGWsu2c7isFWe8Yu1YluJmqVhxqK2cLXNQA5AcC3QfbGNpM7fu0Y8b/z16pXLnFxZYvWhd3fhBY9DLmC6Q=="
    }
  }
}
